// !$*UTF8*$!
{
	archiveVersion = 1;
	classes = {
	};
	objectVersion = 56;
	objects = {

/* Begin PBXBuildFile section */
		8B78820D2BF5FB3B00ABAAF7 /* SpeciesLocalizer.swift in Sources */ = {isa = PBXBuildFile; fileRef = 8B78820C2BF5FB3B00ABAAF7 /* SpeciesLocalizer.swift */; };
		8B78820F2BF60B4700ABAAF7 /* Localizable.xcstrings in Resources */ = {isa = PBXBuildFile; fileRef = 8B78820E2BF60B4700ABAAF7 /* Localizable.xcstrings */; };
		8BA65A1D2BBD5CEB00507B49 /* SwiftImage in Frameworks */ = {isa = PBXBuildFile; productRef = 8BA65A1C2BBD5CEB00507B49 /* SwiftImage */; };
		8BA65A562BC0455C00507B49 /* CachedAsyncImage in Frameworks */ = {isa = PBXBuildFile; productRef = 8BA65A552BC0455C00507B49 /* CachedAsyncImage */; };
		8BB0A49C2BF5E0CE00F2CEBB /* SpeciesListView.swift in Sources */ = {isa = PBXBuildFile; fileRef = 8BB0A4882BF5E0CE00F2CEBB /* SpeciesListView.swift */; };
		8BB0A49D2BF5E0CE00F2CEBB /* SoundscapeSheet.swift in Sources */ = {isa = PBXBuildFile; fileRef = 8BB0A4892BF5E0CE00F2CEBB /* SoundscapeSheet.swift */; };
		8BB0A49E2BF5E0CE00F2CEBB /* SettingsView.swift in Sources */ = {isa = PBXBuildFile; fileRef = 8BB0A48A2BF5E0CE00F2CEBB /* SettingsView.swift */; };
		8BB0A49F2BF5E0CE00F2CEBB /* DetectionsListView.swift in Sources */ = {isa = PBXBuildFile; fileRef = 8BB0A48B2BF5E0CE00F2CEBB /* DetectionsListView.swift */; };
		8BB0A4A02BF5E0CE00F2CEBB /* BirdWeatherStationApp.swift in Sources */ = {isa = PBXBuildFile; fileRef = 8BB0A48C2BF5E0CE00F2CEBB /* BirdWeatherStationApp.swift */; };
		8BB0A4A12BF5E0CE00F2CEBB /* FFTAnalyzer.swift in Sources */ = {isa = PBXBuildFile; fileRef = 8BB0A48D2BF5E0CE00F2CEBB /* FFTAnalyzer.swift */; };
		8BB0A4A22BF5E0CE00F2CEBB /* Assets.xcassets in Resources */ = {isa = PBXBuildFile; fileRef = 8BB0A48E2BF5E0CE00F2CEBB /* Assets.xcassets */; };
		8BB0A4A32BF5E0CE00F2CEBB /* SingleDetectionMapView.swift in Sources */ = {isa = PBXBuildFile; fileRef = 8BB0A48F2BF5E0CE00F2CEBB /* SingleDetectionMapView.swift */; };
		8BB0A4A42BF5E0CE00F2CEBB /* DetectionDetailView.swift in Sources */ = {isa = PBXBuildFile; fileRef = 8BB0A4902BF5E0CE00F2CEBB /* DetectionDetailView.swift */; };
		8BB0A4A52BF5E0CE00F2CEBB /* Preview Assets.xcassets in Resources */ = {isa = PBXBuildFile; fileRef = 8BB0A4922BF5E0CE00F2CEBB /* Preview Assets.xcassets */; };
		8BB0A4A62BF5E0CE00F2CEBB /* Extensions.swift in Sources */ = {isa = PBXBuildFile; fileRef = 8BB0A4932BF5E0CE00F2CEBB /* Extensions.swift */; };
		8BB0A4A72BF5E0CE00F2CEBB /* BirdWeatherRestBridge.swift in Sources */ = {isa = PBXBuildFile; fileRef = 8BB0A4952BF5E0CE00F2CEBB /* BirdWeatherRestBridge.swift */; };
		8BB0A4A82BF5E0CE00F2CEBB /* FlacToRawDecode.swift in Sources */ = {isa = PBXBuildFile; fileRef = 8BB0A4962BF5E0CE00F2CEBB /* FlacToRawDecode.swift */; };
		8BB0A4A92BF5E0CE00F2CEBB /* SpeciesDetailsView.swift in Sources */ = {isa = PBXBuildFile; fileRef = 8BB0A4972BF5E0CE00F2CEBB /* SpeciesDetailsView.swift */; };
		8BB0A4AA2BF5E0CE00F2CEBB /* EnterTokenView.swift in Sources */ = {isa = PBXBuildFile; fileRef = 8BB0A4982BF5E0CE00F2CEBB /* EnterTokenView.swift */; };
		8BB0A4AB2BF5E0CE00F2CEBB /* AllDetectionsMapSheet.swift in Sources */ = {isa = PBXBuildFile; fileRef = 8BB0A4992BF5E0CE00F2CEBB /* AllDetectionsMapSheet.swift */; };
		8BB0A4AC2BF5E0CE00F2CEBB /* ContentView.swift in Sources */ = {isa = PBXBuildFile; fileRef = 8BB0A49A2BF5E0CE00F2CEBB /* ContentView.swift */; };
/* End PBXBuildFile section */

/* Begin PBXFileReference section */
		8B78820C2BF5FB3B00ABAAF7 /* SpeciesLocalizer.swift */ = {isa = PBXFileReference; lastKnownFileType = sourcecode.swift; path = SpeciesLocalizer.swift; sourceTree = "<group>"; };
		8B78820E2BF60B4700ABAAF7 /* Localizable.xcstrings */ = {isa = PBXFileReference; lastKnownFileType = text.json.xcstrings; path = Localizable.xcstrings; sourceTree = "<group>"; };
		8BA659E22BB48E0700507B49 /* BirdWeatherStationMac.app */ = {isa = PBXFileReference; explicitFileType = wrapper.application; includeInIndex = 0; path = BirdWeatherStationMac.app; sourceTree = BUILT_PRODUCTS_DIR; };
		8BB0A4882BF5E0CE00F2CEBB /* SpeciesListView.swift */ = {isa = PBXFileReference; fileEncoding = 4; lastKnownFileType = sourcecode.swift; path = SpeciesListView.swift; sourceTree = "<group>"; };
		8BB0A4892BF5E0CE00F2CEBB /* SoundscapeSheet.swift */ = {isa = PBXFileReference; fileEncoding = 4; lastKnownFileType = sourcecode.swift; path = SoundscapeSheet.swift; sourceTree = "<group>"; };
		8BB0A48A2BF5E0CE00F2CEBB /* SettingsView.swift */ = {isa = PBXFileReference; fileEncoding = 4; lastKnownFileType = sourcecode.swift; path = SettingsView.swift; sourceTree = "<group>"; };
		8BB0A48B2BF5E0CE00F2CEBB /* DetectionsListView.swift */ = {isa = PBXFileReference; fileEncoding = 4; lastKnownFileType = sourcecode.swift; path = DetectionsListView.swift; sourceTree = "<group>"; };
		8BB0A48C2BF5E0CE00F2CEBB /* BirdWeatherStationApp.swift */ = {isa = PBXFileReference; fileEncoding = 4; lastKnownFileType = sourcecode.swift; path = BirdWeatherStationApp.swift; sourceTree = "<group>"; };
		8BB0A48D2BF5E0CE00F2CEBB /* FFTAnalyzer.swift */ = {isa = PBXFileReference; fileEncoding = 4; lastKnownFileType = sourcecode.swift; path = FFTAnalyzer.swift; sourceTree = "<group>"; };
		8BB0A48E2BF5E0CE00F2CEBB /* Assets.xcassets */ = {isa = PBXFileReference; lastKnownFileType = folder.assetcatalog; path = Assets.xcassets; sourceTree = "<group>"; };
		8BB0A48F2BF5E0CE00F2CEBB /* SingleDetectionMapView.swift */ = {isa = PBXFileReference; fileEncoding = 4; lastKnownFileType = sourcecode.swift; path = SingleDetectionMapView.swift; sourceTree = "<group>"; };
		8BB0A4902BF5E0CE00F2CEBB /* DetectionDetailView.swift */ = {isa = PBXFileReference; fileEncoding = 4; lastKnownFileType = sourcecode.swift; path = DetectionDetailView.swift; sourceTree = "<group>"; };
		8BB0A4922BF5E0CE00F2CEBB /* Preview Assets.xcassets */ = {isa = PBXFileReference; lastKnownFileType = folder.assetcatalog; path = "Preview Assets.xcassets"; sourceTree = "<group>"; };
		8BB0A4932BF5E0CE00F2CEBB /* Extensions.swift */ = {isa = PBXFileReference; fileEncoding = 4; lastKnownFileType = sourcecode.swift; path = Extensions.swift; sourceTree = "<group>"; };
		8BB0A4942BF5E0CE00F2CEBB /* BirdWeatherStation.entitlements */ = {isa = PBXFileReference; fileEncoding = 4; lastKnownFileType = text.plist.entitlements; path = BirdWeatherStation.entitlements; sourceTree = "<group>"; };
		8BB0A4952BF5E0CE00F2CEBB /* BirdWeatherRestBridge.swift */ = {isa = PBXFileReference; fileEncoding = 4; lastKnownFileType = sourcecode.swift; path = BirdWeatherRestBridge.swift; sourceTree = "<group>"; };
		8BB0A4962BF5E0CE00F2CEBB /* FlacToRawDecode.swift */ = {isa = PBXFileReference; fileEncoding = 4; lastKnownFileType = sourcecode.swift; path = FlacToRawDecode.swift; sourceTree = "<group>"; };
		8BB0A4972BF5E0CE00F2CEBB /* SpeciesDetailsView.swift */ = {isa = PBXFileReference; fileEncoding = 4; lastKnownFileType = sourcecode.swift; path = SpeciesDetailsView.swift; sourceTree = "<group>"; };
		8BB0A4982BF5E0CE00F2CEBB /* EnterTokenView.swift */ = {isa = PBXFileReference; fileEncoding = 4; lastKnownFileType = sourcecode.swift; path = EnterTokenView.swift; sourceTree = "<group>"; };
		8BB0A4992BF5E0CE00F2CEBB /* AllDetectionsMapSheet.swift */ = {isa = PBXFileReference; fileEncoding = 4; lastKnownFileType = sourcecode.swift; path = AllDetectionsMapSheet.swift; sourceTree = "<group>"; };
		8BB0A49A2BF5E0CE00F2CEBB /* ContentView.swift */ = {isa = PBXFileReference; fileEncoding = 4; lastKnownFileType = sourcecode.swift; path = ContentView.swift; sourceTree = "<group>"; };
/* End PBXFileReference section */

/* Begin PBXFrameworksBuildPhase section */
		8BA659DF2BB48E0700507B49 /* Frameworks */ = {
			isa = PBXFrameworksBuildPhase;
			buildActionMask = 2147483647;
			files = (
				8BA65A1D2BBD5CEB00507B49 /* SwiftImage in Frameworks */,
				8BA65A562BC0455C00507B49 /* CachedAsyncImage in Frameworks */,
			);
			runOnlyForDeploymentPostprocessing = 0;
		};
/* End PBXFrameworksBuildPhase section */

/* Begin PBXGroup section */
		8BA659D92BB48E0700507B49 = {
			isa = PBXGroup;
			children = (
				8BB0A4872BF5E0CE00F2CEBB /* BirdWeatherStationMac */,
				8BA659E32BB48E0700507B49 /* Products */,
			);
			sourceTree = "<group>";
		};
		8BA659E32BB48E0700507B49 /* Products */ = {
			isa = PBXGroup;
			children = (
				8BA659E22BB48E0700507B49 /* BirdWeatherStationMac.app */,
			);
			name = Products;
			sourceTree = "<group>";
		};
		8BB0A4872BF5E0CE00F2CEBB /* BirdWeatherStationMac */ = {
			isa = PBXGroup;
			children = (
				8BB0A48C2BF5E0CE00F2CEBB /* BirdWeatherStationApp.swift */,
				8BB0A49A2BF5E0CE00F2CEBB /* ContentView.swift */,
				8BB0A48A2BF5E0CE00F2CEBB /* SettingsView.swift */,
				8BB0A4882BF5E0CE00F2CEBB /* SpeciesListView.swift */,
				8BB0A4972BF5E0CE00F2CEBB /* SpeciesDetailsView.swift */,
				8BB0A48B2BF5E0CE00F2CEBB /* DetectionsListView.swift */,
				8BB0A4902BF5E0CE00F2CEBB /* DetectionDetailView.swift */,
				8BB0A4992BF5E0CE00F2CEBB /* AllDetectionsMapSheet.swift */,
				8BB0A4892BF5E0CE00F2CEBB /* SoundscapeSheet.swift */,
				8BB0A48F2BF5E0CE00F2CEBB /* SingleDetectionMapView.swift */,
				8BB0A4932BF5E0CE00F2CEBB /* Extensions.swift */,
				8BB0A4942BF5E0CE00F2CEBB /* BirdWeatherStation.entitlements */,
				8BB0A4952BF5E0CE00F2CEBB /* BirdWeatherRestBridge.swift */,
				8BB0A4962BF5E0CE00F2CEBB /* FlacToRawDecode.swift */,
				8BB0A4982BF5E0CE00F2CEBB /* EnterTokenView.swift */,
				8BB0A48D2BF5E0CE00F2CEBB /* FFTAnalyzer.swift */,
				8B78820C2BF5FB3B00ABAAF7 /* SpeciesLocalizer.swift */,
				8BB0A48E2BF5E0CE00F2CEBB /* Assets.xcassets */,
				8BB0A4912BF5E0CE00F2CEBB /* Preview Content */,
				8B78820E2BF60B4700ABAAF7 /* Localizable.xcstrings */,
			);
			path = BirdWeatherStationMac;
			sourceTree = "<group>";
		};
		8BB0A4912BF5E0CE00F2CEBB /* Preview Content */ = {
			isa = PBXGroup;
			children = (
				8BB0A4922BF5E0CE00F2CEBB /* Preview Assets.xcassets */,
			);
			path = "Preview Content";
			sourceTree = "<group>";
		};
/* End PBXGroup section */

/* Begin PBXNativeTarget section */
		8BA659E12BB48E0700507B49 /* BirdWeatherStationMac */ = {
			isa = PBXNativeTarget;
			buildConfigurationList = 8BA659F12BB48E0800507B49 /* Build configuration list for PBXNativeTarget "BirdWeatherStationMac" */;
			buildPhases = (
				8BA659DE2BB48E0700507B49 /* Sources */,
				8BA659DF2BB48E0700507B49 /* Frameworks */,
				8BA659E02BB48E0700507B49 /* Resources */,
			);
			buildRules = (
			);
			dependencies = (
			);
			name = BirdWeatherStationMac;
			packageProductDependencies = (
				8BA65A1C2BBD5CEB00507B49 /* SwiftImage */,
				8BA65A552BC0455C00507B49 /* CachedAsyncImage */,
			);
			productName = BirdWeatherStation;
			productReference = 8BA659E22BB48E0700507B49 /* BirdWeatherStationMac.app */;
			productType = "com.apple.product-type.application";
		};
/* End PBXNativeTarget section */

/* Begin PBXProject section */
		8BA659DA2BB48E0700507B49 /* Project object */ = {
			isa = PBXProject;
			attributes = {
				BuildIndependentTargetsInParallel = 1;
				LastSwiftUpdateCheck = 1520;
				LastUpgradeCheck = 1520;
				TargetAttributes = {
					8BA659E12BB48E0700507B49 = {
						CreatedOnToolsVersion = 15.2;
					};
				};
			};
			buildConfigurationList = 8BA659DD2BB48E0700507B49 /* Build configuration list for PBXProject "BirdWeatherStationMac" */;
			compatibilityVersion = "Xcode 14.0";
			developmentRegion = en;
			hasScannedForEncodings = 0;
			knownRegions = (
				en,
				Base,
				de,
			);
			mainGroup = 8BA659D92BB48E0700507B49;
			packageReferences = (
				8BA65A1B2BBD5CEB00507B49 /* XCRemoteSwiftPackageReference "swift-image" */,
				8BA65A542BC0455C00507B49 /* XCRemoteSwiftPackageReference "swiftui-cached-async-image" */,
			);
			productRefGroup = 8BA659E32BB48E0700507B49 /* Products */;
			projectDirPath = "";
			projectRoot = "";
			targets = (
				8BA659E12BB48E0700507B49 /* BirdWeatherStationMac */,
			);
		};
/* End PBXProject section */

/* Begin PBXResourcesBuildPhase section */
		8BA659E02BB48E0700507B49 /* Resources */ = {
			isa = PBXResourcesBuildPhase;
			buildActionMask = 2147483647;
			files = (
				8BB0A4A52BF5E0CE00F2CEBB /* Preview Assets.xcassets in Resources */,
				8BB0A4A22BF5E0CE00F2CEBB /* Assets.xcassets in Resources */,
				8B78820F2BF60B4700ABAAF7 /* Localizable.xcstrings in Resources */,
			);
			runOnlyForDeploymentPostprocessing = 0;
		};
/* End PBXResourcesBuildPhase section */

/* Begin PBXSourcesBuildPhase section */
		8BA659DE2BB48E0700507B49 /* Sources */ = {
			isa = PBXSourcesBuildPhase;
			buildActionMask = 2147483647;
			files = (
				8BB0A4A32BF5E0CE00F2CEBB /* SingleDetectionMapView.swift in Sources */,
				8BB0A4A62BF5E0CE00F2CEBB /* Extensions.swift in Sources */,
				8B78820D2BF5FB3B00ABAAF7 /* SpeciesLocalizer.swift in Sources */,
				8BB0A4A72BF5E0CE00F2CEBB /* BirdWeatherRestBridge.swift in Sources */,
				8BB0A4A42BF5E0CE00F2CEBB /* DetectionDetailView.swift in Sources */,
				8BB0A49F2BF5E0CE00F2CEBB /* DetectionsListView.swift in Sources */,
				8BB0A4A82BF5E0CE00F2CEBB /* FlacToRawDecode.swift in Sources */,
				8BB0A49E2BF5E0CE00F2CEBB /* SettingsView.swift in Sources */,
				8BB0A49D2BF5E0CE00F2CEBB /* SoundscapeSheet.swift in Sources */,
				8BB0A4A92BF5E0CE00F2CEBB /* SpeciesDetailsView.swift in Sources */,
				8BB0A49C2BF5E0CE00F2CEBB /* SpeciesListView.swift in Sources */,
				8BB0A4A12BF5E0CE00F2CEBB /* FFTAnalyzer.swift in Sources */,
				8BB0A4AC2BF5E0CE00F2CEBB /* ContentView.swift in Sources */,
				8BB0A4A02BF5E0CE00F2CEBB /* BirdWeatherStationApp.swift in Sources */,
				8BB0A4AB2BF5E0CE00F2CEBB /* AllDetectionsMapSheet.swift in Sources */,
				8BB0A4AA2BF5E0CE00F2CEBB /* EnterTokenView.swift in Sources */,
			);
			runOnlyForDeploymentPostprocessing = 0;
		};
/* End PBXSourcesBuildPhase section */

/* Begin XCBuildConfiguration section */
		8BA659EF2BB48E0800507B49 /* Debug */ = {
			isa = XCBuildConfiguration;
			buildSettings = {
				ALWAYS_SEARCH_USER_PATHS = NO;
				ASSETCATALOG_COMPILER_GENERATE_SWIFT_ASSET_SYMBOL_EXTENSIONS = YES;
				CLANG_ANALYZER_NONNULL = YES;
				CLANG_ANALYZER_NUMBER_OBJECT_CONVERSION = YES_AGGRESSIVE;
				CLANG_CXX_LANGUAGE_STANDARD = "gnu++20";
				CLANG_ENABLE_MODULES = YES;
				CLANG_ENABLE_OBJC_ARC = YES;
				CLANG_ENABLE_OBJC_WEAK = YES;
				CLANG_WARN_BLOCK_CAPTURE_AUTORELEASING = YES;
				CLANG_WARN_BOOL_CONVERSION = YES;
				CLANG_WARN_COMMA = YES;
				CLANG_WARN_CONSTANT_CONVERSION = YES;
				CLANG_WARN_DEPRECATED_OBJC_IMPLEMENTATIONS = YES;
				CLANG_WARN_DIRECT_OBJC_ISA_USAGE = YES_ERROR;
				CLANG_WARN_DOCUMENTATION_COMMENTS = YES;
				CLANG_WARN_EMPTY_BODY = YES;
				CLANG_WARN_ENUM_CONVERSION = YES;
				CLANG_WARN_INFINITE_RECURSION = YES;
				CLANG_WARN_INT_CONVERSION = YES;
				CLANG_WARN_NON_LITERAL_NULL_CONVERSION = YES;
				CLANG_WARN_OBJC_IMPLICIT_RETAIN_SELF = YES;
				CLANG_WARN_OBJC_LITERAL_CONVERSION = YES;
				CLANG_WARN_OBJC_ROOT_CLASS = YES_ERROR;
				CLANG_WARN_QUOTED_INCLUDE_IN_FRAMEWORK_HEADER = YES;
				CLANG_WARN_RANGE_LOOP_ANALYSIS = YES;
				CLANG_WARN_STRICT_PROTOTYPES = YES;
				CLANG_WARN_SUSPICIOUS_MOVE = YES;
				CLANG_WARN_UNGUARDED_AVAILABILITY = YES_AGGRESSIVE;
				CLANG_WARN_UNREACHABLE_CODE = YES;
				CLANG_WARN__DUPLICATE_METHOD_MATCH = YES;
				COPY_PHASE_STRIP = NO;
				DEBUG_INFORMATION_FORMAT = dwarf;
				ENABLE_STRICT_OBJC_MSGSEND = YES;
				ENABLE_TESTABILITY = YES;
				ENABLE_USER_SCRIPT_SANDBOXING = YES;
				GCC_C_LANGUAGE_STANDARD = gnu17;
				GCC_DYNAMIC_NO_PIC = NO;
				GCC_NO_COMMON_BLOCKS = YES;
				GCC_OPTIMIZATION_LEVEL = 0;
				GCC_PREPROCESSOR_DEFINITIONS = (
					"DEBUG=1",
					"$(inherited)",
				);
				GCC_WARN_64_TO_32_BIT_CONVERSION = YES;
				GCC_WARN_ABOUT_RETURN_TYPE = YES_ERROR;
				GCC_WARN_UNDECLARED_SELECTOR = YES;
				GCC_WARN_UNINITIALIZED_AUTOS = YES_AGGRESSIVE;
				GCC_WARN_UNUSED_FUNCTION = YES;
				GCC_WARN_UNUSED_VARIABLE = YES;
				LOCALIZATION_PREFERS_STRING_CATALOGS = YES;
				MACOSX_DEPLOYMENT_TARGET = 14.1;
				MTL_ENABLE_DEBUG_INFO = INCLUDE_SOURCE;
				MTL_FAST_MATH = YES;
				ONLY_ACTIVE_ARCH = YES;
				SDKROOT = macosx;
				SWIFT_ACTIVE_COMPILATION_CONDITIONS = "DEBUG $(inherited)";
				SWIFT_OPTIMIZATION_LEVEL = "-Onone";
			};
			name = Debug;
		};
		8BA659F02BB48E0800507B49 /* Release */ = {
			isa = XCBuildConfiguration;
			buildSettings = {
				ALWAYS_SEARCH_USER_PATHS = NO;
				ASSETCATALOG_COMPILER_GENERATE_SWIFT_ASSET_SYMBOL_EXTENSIONS = YES;
				CLANG_ANALYZER_NONNULL = YES;
				CLANG_ANALYZER_NUMBER_OBJECT_CONVERSION = YES_AGGRESSIVE;
				CLANG_CXX_LANGUAGE_STANDARD = "gnu++20";
				CLANG_ENABLE_MODULES = YES;
				CLANG_ENABLE_OBJC_ARC = YES;
				CLANG_ENABLE_OBJC_WEAK = YES;
				CLANG_WARN_BLOCK_CAPTURE_AUTORELEASING = YES;
				CLANG_WARN_BOOL_CONVERSION = YES;
				CLANG_WARN_COMMA = YES;
				CLANG_WARN_CONSTANT_CONVERSION = YES;
				CLANG_WARN_DEPRECATED_OBJC_IMPLEMENTATIONS = YES;
				CLANG_WARN_DIRECT_OBJC_ISA_USAGE = YES_ERROR;
				CLANG_WARN_DOCUMENTATION_COMMENTS = YES;
				CLANG_WARN_EMPTY_BODY = YES;
				CLANG_WARN_ENUM_CONVERSION = YES;
				CLANG_WARN_INFINITE_RECURSION = YES;
				CLANG_WARN_INT_CONVERSION = YES;
				CLANG_WARN_NON_LITERAL_NULL_CONVERSION = YES;
				CLANG_WARN_OBJC_IMPLICIT_RETAIN_SELF = YES;
				CLANG_WARN_OBJC_LITERAL_CONVERSION = YES;
				CLANG_WARN_OBJC_ROOT_CLASS = YES_ERROR;
				CLANG_WARN_QUOTED_INCLUDE_IN_FRAMEWORK_HEADER = YES;
				CLANG_WARN_RANGE_LOOP_ANALYSIS = YES;
				CLANG_WARN_STRICT_PROTOTYPES = YES;
				CLANG_WARN_SUSPICIOUS_MOVE = YES;
				CLANG_WARN_UNGUARDED_AVAILABILITY = YES_AGGRESSIVE;
				CLANG_WARN_UNREACHABLE_CODE = YES;
				CLANG_WARN__DUPLICATE_METHOD_MATCH = YES;
				COPY_PHASE_STRIP = NO;
				DEBUG_INFORMATION_FORMAT = "dwarf-with-dsym";
				ENABLE_NS_ASSERTIONS = NO;
				ENABLE_STRICT_OBJC_MSGSEND = YES;
				ENABLE_USER_SCRIPT_SANDBOXING = YES;
				GCC_C_LANGUAGE_STANDARD = gnu17;
				GCC_NO_COMMON_BLOCKS = YES;
				GCC_WARN_64_TO_32_BIT_CONVERSION = YES;
				GCC_WARN_ABOUT_RETURN_TYPE = YES_ERROR;
				GCC_WARN_UNDECLARED_SELECTOR = YES;
				GCC_WARN_UNINITIALIZED_AUTOS = YES_AGGRESSIVE;
				GCC_WARN_UNUSED_FUNCTION = YES;
				GCC_WARN_UNUSED_VARIABLE = YES;
				LOCALIZATION_PREFERS_STRING_CATALOGS = YES;
				MACOSX_DEPLOYMENT_TARGET = 14.1;
				MTL_ENABLE_DEBUG_INFO = NO;
				MTL_FAST_MATH = YES;
				SDKROOT = macosx;
				SWIFT_COMPILATION_MODE = wholemodule;
			};
			name = Release;
		};
		8BA659F22BB48E0800507B49 /* Debug */ = {
			isa = XCBuildConfiguration;
			buildSettings = {
				ASSETCATALOG_COMPILER_APPICON_NAME = AppIcon;
				ASSETCATALOG_COMPILER_GLOBAL_ACCENT_COLOR_NAME = AccentColor;
				ASSETCATALOG_COMPILER_INCLUDE_ALL_APPICON_ASSETS = NO;
				CODE_SIGN_ENTITLEMENTS = BirdWeatherStationMac/BirdWeatherStation.entitlements;
				CODE_SIGN_STYLE = Automatic;
				COMBINE_HIDPI_IMAGES = YES;
				CURRENT_PROJECT_VERSION = 15;
				DEVELOPMENT_ASSET_PATHS = "\"BirdWeatherStationMac/Preview Content\"";
				DEVELOPMENT_TEAM = 3YKFA98U4Y;
				ENABLE_HARDENED_RUNTIME = YES;
				ENABLE_PREVIEWS = YES;
				GENERATE_INFOPLIST_FILE = YES;
				INFOPLIST_KEY_LSApplicationCategoryType = "public.app-category.business";
				INFOPLIST_KEY_NSHumanReadableCopyright = "";
				LD_RUNPATH_SEARCH_PATHS = (
					"$(inherited)",
					"@executable_path/../Frameworks",
				);
				MARKETING_VERSION = 1.0;
				PRODUCT_BUNDLE_IDENTIFIER = de.ecoobs.BirdWeatherStationMac;
				PRODUCT_NAME = "$(TARGET_NAME)";
				SWIFT_EMIT_LOC_STRINGS = YES;
				SWIFT_VERSION = 5.0;
			};
			name = Debug;
		};
		8BA659F32BB48E0800507B49 /* Release */ = {
			isa = XCBuildConfiguration;
			buildSettings = {
				ASSETCATALOG_COMPILER_APPICON_NAME = AppIcon;
				ASSETCATALOG_COMPILER_GLOBAL_ACCENT_COLOR_NAME = AccentColor;
				ASSETCATALOG_COMPILER_INCLUDE_ALL_APPICON_ASSETS = NO;
				CODE_SIGN_ENTITLEMENTS = BirdWeatherStationMac/BirdWeatherStation.entitlements;
				CODE_SIGN_STYLE = Automatic;
				COMBINE_HIDPI_IMAGES = YES;
				CURRENT_PROJECT_VERSION = 15;
				DEVELOPMENT_ASSET_PATHS = "\"BirdWeatherStationMac/Preview Content\"";
				DEVELOPMENT_TEAM = 3YKFA98U4Y;
				ENABLE_HARDENED_RUNTIME = YES;
				ENABLE_PREVIEWS = YES;
				GENERATE_INFOPLIST_FILE = YES;
				INFOPLIST_KEY_LSApplicationCategoryType = "public.app-category.business";
				INFOPLIST_KEY_NSHumanReadableCopyright = "";
				LD_RUNPATH_SEARCH_PATHS = (
					"$(inherited)",
					"@executable_path/../Frameworks",
				);
				MARKETING_VERSION = 1.0;
				PRODUCT_BUNDLE_IDENTIFIER = de.ecoobs.BirdWeatherStationMac;
				PRODUCT_NAME = "$(TARGET_NAME)";
				SWIFT_EMIT_LOC_STRINGS = YES;
				SWIFT_VERSION = 5.0;
			};
			name = Release;
		};
/* End XCBuildConfiguration section */

/* Begin XCConfigurationList section */
		8BA659DD2BB48E0700507B49 /* Build configuration list for PBXProject "BirdWeatherStationMac" */ = {
			isa = XCConfigurationList;
			buildConfigurations = (
				8BA659EF2BB48E0800507B49 /* Debug */,
				8BA659F02BB48E0800507B49 /* Release */,
			);
			defaultConfigurationIsVisible = 0;
			defaultConfigurationName = Release;
		};
		8BA659F12BB48E0800507B49 /* Build configuration list for PBXNativeTarget "BirdWeatherStationMac" */ = {
			isa = XCConfigurationList;
			buildConfigurations = (
				8BA659F22BB48E0800507B49 /* Debug */,
				8BA659F32BB48E0800507B49 /* Release */,
			);
			defaultConfigurationIsVisible = 0;
			defaultConfigurationName = Release;
		};
/* End XCConfigurationList section */

/* Begin XCRemoteSwiftPackageReference section */
		8BA65A1B2BBD5CEB00507B49 /* XCRemoteSwiftPackageReference "swift-image" */ = {
			isa = XCRemoteSwiftPackageReference;
			repositoryURL = "https://github.com/koher/swift-image.git";
			requirement = {
				kind = upToNextMajorVersion;
				minimumVersion = 0.7.1;
			};
		};
		8BA65A542BC0455C00507B49 /* XCRemoteSwiftPackageReference "swiftui-cached-async-image" */ = {
			isa = XCRemoteSwiftPackageReference;
			repositoryURL = "https://github.com/lorenzofiamingo/swiftui-cached-async-image";
			requirement = {
				kind = upToNextMajorVersion;
				minimumVersion = 2.1.1;
			};
		};
/* End XCRemoteSwiftPackageReference section */

/* Begin XCSwiftPackageProductDependency section */
		8BA65A1C2BBD5CEB00507B49 /* SwiftImage */ = {
			isa = XCSwiftPackageProductDependency;
			package = 8BA65A1B2BBD5CEB00507B49 /* XCRemoteSwiftPackageReference "swift-image" */;
			productName = SwiftImage;
		};
		8BA65A552BC0455C00507B49 /* CachedAsyncImage */ = {
			isa = XCSwiftPackageProductDependency;
			package = 8BA65A542BC0455C00507B49 /* XCRemoteSwiftPackageReference "swiftui-cached-async-image" */;
			productName = CachedAsyncImage;
		};
/* End XCSwiftPackageProductDependency section */
	};
	rootObject = 8BA659DA2BB48E0700507B49 /* Project object */;
}
